
Microsoft Visual Studio Solution File, Format Version 12.00
# Visual Studio Version 17
VisualStudioVersion = 17.0.32112.339
MinimumVisualStudioVersion = 10.0.40219.1
Project("{9A19103F-16F7-4668-BE54-9A1E7A4F7556}") = "Domain", "src\Domain\Domain.csproj", "{44696EED-E081-47FE-891C-7A82B5DFAF9E}"
EndProject
Project("{9A19103F-16F7-4668-BE54-9A1E7A4F7556}") = "Application", "src\Application\Application.csproj", "{7B533CDC-F857-46DB-86B2-C3E1B33DFFFA}"
EndProject
Project("{9A19103F-16F7-4668-BE54-9A1E7A4F7556}") = "Infrastructure", "src\Infrastructure\Infrastructure.csproj", "{D3F754C7-B1F0-4DF5-BF54-4AC0EF11AE74}"
EndProject
Project("{9A19103F-16F7-4668-BE54-9A1E7A4F7556}") = "RestApi", "src\RestApi\RestApi.csproj", "{A148E014-3B9F-4F64-A130-D605DEAC03D6}"
EndProject
Project("{54A90642-561A-4BB1-A94E-469ADEE60C69}") = "App", "src\App\App.esproj", "{26C7D313-F65A-46DA-ABB8-EFCB9ECB2CFC}"
EndProject
Global
	GlobalSection(SolutionConfigurationPlatforms) = preSolution
		Debug|Any CPU = Debug|Any CPU
		Release|Any CPU = Release|Any CPU
	EndGlobalSection
	GlobalSection(ProjectConfigurationPlatforms) = postSolution
		{44696EED-E081-47FE-891C-7A82B5DFAF9E}.Debug|Any CPU.ActiveCfg = Debug|Any CPU
		{44696EED-E081-47FE-891C-7A82B5DFAF9E}.Debug|Any CPU.Build.0 = Debug|Any CPU
		{44696EED-E081-47FE-891C-7A82B5DFAF9E}.Release|Any CPU.ActiveCfg = Release|Any CPU
		{44696EED-E081-47FE-891C-7A82B5DFAF9E}.Release|Any CPU.Build.0 = Release|Any CPU
		{7B533CDC-F857-46DB-86B2-C3E1B33DFFFA}.Debug|Any CPU.ActiveCfg = Debug|Any CPU
		{7B533CDC-F857-46DB-86B2-C3E1B33DFFFA}.Debug|Any CPU.Build.0 = Debug|Any CPU
		{7B533CDC-F857-46DB-86B2-C3E1B33DFFFA}.Release|Any CPU.ActiveCfg = Release|Any CPU
		{7B533CDC-F857-46DB-86B2-C3E1B33DFFFA}.Release|Any CPU.Build.0 = Release|Any CPU
		{D3F754C7-B1F0-4DF5-BF54-4AC0EF11AE74}.Debug|Any CPU.ActiveCfg = Debug|Any CPU
		{D3F754C7-B1F0-4DF5-BF54-4AC0EF11AE74}.Debug|Any CPU.Build.0 = Debug|Any CPU
		{D3F754C7-B1F0-4DF5-BF54-4AC0EF11AE74}.Release|Any CPU.ActiveCfg = Release|Any CPU
		{D3F754C7-B1F0-4DF5-BF54-4AC0EF11AE74}.Release|Any CPU.Build.0 = Release|Any CPU
		{A148E014-3B9F-4F64-A130-D605DEAC03D6}.Debug|Any CPU.ActiveCfg = Debug|Any CPU
		{A148E014-3B9F-4F64-A130-D605DEAC03D6}.Debug|Any CPU.Build.0 = Debug|Any CPU
		{A148E014-3B9F-4F64-A130-D605DEAC03D6}.Release|Any CPU.ActiveCfg = Release|Any CPU
		{A148E014-3B9F-4F64-A130-D605DEAC03D6}.Release|Any CPU.Build.0 = Release|Any CPU
		{26C7D313-F65A-46DA-ABB8-EFCB9ECB2CFC}.Debug|Any CPU.ActiveCfg = Debug|Any CPU
		{26C7D313-F65A-46DA-ABB8-EFCB9ECB2CFC}.Debug|Any CPU.Build.0 = Debug|Any CPU
		{26C7D313-F65A-46DA-ABB8-EFCB9ECB2CFC}.Debug|Any CPU.Deploy.0 = Debug|Any CPU
		{26C7D313-F65A-46DA-ABB8-EFCB9ECB2CFC}.Release|Any CPU.ActiveCfg = Release|Any CPU
		{26C7D313-F65A-46DA-ABB8-EFCB9ECB2CFC}.Release|Any CPU.Build.0 = Release|Any CPU
		{26C7D313-F65A-46DA-ABB8-EFCB9ECB2CFC}.Release|Any CPU.Deploy.0 = Release|Any CPU
	EndGlobalSection
	GlobalSection(SolutionProperties) = preSolution
		HideSolutionNode = FALSE
	EndGlobalSection
	GlobalSection(ExtensibilityGlobals) = postSolution
		SolutionGuid = {E83DC163-6E0D-4C0F-B42A-5494F2DC65D8}
	EndGlobalSection
EndGlobal
